// !$*UTF8*$!
{
	archiveVersion = 1;
	classes = {
	};
	objectVersion = 60;
	objects = {

/* Begin PBXBuildFile section */
		B90789172C26CE41005DA7EA /* Scroll_Transitions_Visual_EffectsApp.swift in Sources */ = {isa = PBXBuildFile; fileRef = B90789162C26CE41005DA7EA /* Scroll_Transitions_Visual_EffectsApp.swift */; };
		B90789192C26CE41005DA7EA /* ScrollTransitionExample1.swift in Sources */ = {isa = PBXBuildFile; fileRef = B90789182C26CE41005DA7EA /* ScrollTransitionExample1.swift */; };
		B907891B2C26CE42005DA7EA /* Assets.xcassets in Resources */ = {isa = PBXBuildFile; fileRef = B907891A2C26CE42005DA7EA /* Assets.xcassets */; };
		B907891F2C26CE42005DA7EA /* Preview Assets.xcassets in Resources */ = {isa = PBXBuildFile; fileRef = B907891E2C26CE42005DA7EA /* Preview Assets.xcassets */; };
		B90789262C26CF28005DA7EA /* MyImageView.swift in Sources */ = {isa = PBXBuildFile; fileRef = B90789252C26CF28005DA7EA /* MyImageView.swift */; };
		B965070A2C26CFFC002D646E /* Image Constants.swift in Sources */ = {isa = PBXBuildFile; fileRef = B96507092C26CFFC002D646E /* Image Constants.swift */; };
		B965072B2C2802EC002D646E /* ScrollTransitionExample2.swift in Sources */ = {isa = PBXBuildFile; fileRef = B965072A2C2802EC002D646E /* ScrollTransitionExample2.swift */; };
		B96507482C28C1FA002D646E /* ScrollTransitionExample3.swift in Sources */ = {isa = PBXBuildFile; fileRef = B96507472C28C1FA002D646E /* ScrollTransitionExample3.swift */; };
/* End PBXBuildFile section */

/* Begin PBXFileReference section */
		B90789132C26CE41005DA7EA /* Scroll Transitions Visual Effects.app */ = {isa = PBXFileReference; explicitFileType = wrapper.application; includeInIndex = 0; path = "Scroll Transitions Visual Effects.app"; sourceTree = BUILT_PRODUCTS_DIR; };
		B90789162C26CE41005DA7EA /* Scroll_Transitions_Visual_EffectsApp.swift */ = {isa = PBXFileReference; lastKnownFileType = sourcecode.swift; path = Scroll_Transitions_Visual_EffectsApp.swift; sourceTree = "<group>"; };
		B90789182C26CE41005DA7EA /* ScrollTransitionExample1.swift */ = {isa = PBXFileReference; lastKnownFileType = sourcecode.swift; path = ScrollTransitionExample1.swift; sourceTree = "<group>"; };
		B907891A2C26CE42005DA7EA /* Assets.xcassets */ = {isa = PBXFileReference; lastKnownFileType = folder.assetcatalog; path = Assets.xcassets; sourceTree = "<group>"; };
		B907891C2C26CE42005DA7EA /* Scroll_Transitions_Visual_Effects.entitlements */ = {isa = PBXFileReference; lastKnownFileType = text.plist.entitlements; path = Scroll_Transitions_Visual_Effects.entitlements; sourceTree = "<group>"; };
		B907891E2C26CE42005DA7EA /* Preview Assets.xcassets */ = {isa = PBXFileReference; lastKnownFileType = folder.assetcatalog; path = "Preview Assets.xcassets"; sourceTree = "<group>"; };
		B90789252C26CF28005DA7EA /* MyImageView.swift */ = {isa = PBXFileReference; lastKnownFileType = sourcecode.swift; path = MyImageView.swift; sourceTree = "<group>"; };
		B96507092C26CFFC002D646E /* Image Constants.swift */ = {isa = PBXFileReference; lastKnownFileType = sourcecode.swift; path = "Image Constants.swift"; sourceTree = "<group>"; };
		B965072A2C2802EC002D646E /* ScrollTransitionExample2.swift */ = {isa = PBXFileReference; lastKnownFileType = sourcecode.swift; path = ScrollTransitionExample2.swift; sourceTree = "<group>"; };
		B96507472C28C1FA002D646E /* ScrollTransitionExample3.swift */ = {isa = PBXFileReference; lastKnownFileType = sourcecode.swift; path = ScrollTransitionExample3.swift; sourceTree = "<group>"; };
/* End PBXFileReference section */

/* Begin PBXFrameworksBuildPhase section */
		B90789102C26CE41005DA7EA /* Frameworks */ = {
			isa = PBXFrameworksBuildPhase;
			buildActionMask = 2147483647;
			files = (
			);
			runOnlyForDeploymentPostprocessing = 0;
		};
/* End PBXFrameworksBuildPhase section */

/* Begin PBXGroup section */
		B907890A2C26CE41005DA7EA = {
			isa = PBXGroup;
			children = (
				B90789152C26CE41005DA7EA /* Scroll Transitions Visual Effects */,
				B90789142C26CE41005DA7EA /* Products */,
			);
			sourceTree = "<group>";
		};
		B90789142C26CE41005DA7EA /* Products */ = {
			isa = PBXGroup;
			children = (
				B90789132C26CE41005DA7EA /* Scroll Transitions Visual Effects.app */,
			);
			name = Products;
			sourceTree = "<group>";
		};
		B90789152C26CE41005DA7EA /* Scroll Transitions Visual Effects */ = {
			isa = PBXGroup;
			children = (
				B90789162C26CE41005DA7EA /* Scroll_Transitions_Visual_EffectsApp.swift */,
				B90789182C26CE41005DA7EA /* ScrollTransitionExample1.swift */,
				B965072A2C2802EC002D646E /* ScrollTransitionExample2.swift */,
				B96507472C28C1FA002D646E /* ScrollTransitionExample3.swift */,
				B96507092C26CFFC002D646E /* Image Constants.swift */,
				B90789252C26CF28005DA7EA /* MyImageView.swift */,
				B907891A2C26CE42005DA7EA /* Assets.xcassets */,
				B907891C2C26CE42005DA7EA /* Scroll_Transitions_Visual_Effects.entitlements */,
				B907891D2C26CE42005DA7EA /* Preview Content */,
			);
			path = "Scroll Transitions Visual Effects";
			sourceTree = "<group>";
		};
		B907891D2C26CE42005DA7EA /* Preview Content */ = {
			isa = PBXGroup;
			children = (
				B907891E2C26CE42005DA7EA /* Preview Assets.xcassets */,
			);
			path = "Preview Content";
			sourceTree = "<group>";
		};
/* End PBXGroup section */

/* Begin PBXNativeTarget section */
		B90789122C26CE41005DA7EA /* Scroll Transitions Visual Effects */ = {
			isa = PBXNativeTarget;
			buildConfigurationList = B90789222C26CE42005DA7EA /* Build configuration list for PBXNativeTarget "Scroll Transitions Visual Effects" */;
			buildPhases = (
				B907890F2C26CE41005DA7EA /* Sources */,
				B90789102C26CE41005DA7EA /* Frameworks */,
				B90789112C26CE41005DA7EA /* Resources */,
			);
			buildRules = (
			);
			dependencies = (
			);
			name = "Scroll Transitions Visual Effects";
			productName = "Scroll Transitions Visual Effects";
			productReference = B90789132C26CE41005DA7EA /* Scroll Transitions Visual Effects.app */;
			productType = "com.apple.product-type.application";
		};
/* End PBXNativeTarget section */

/* Begin PBXProject section */
		B907890B2C26CE41005DA7EA /* Project object */ = {
			isa = PBXProject;
			attributes = {
				BuildIndependentTargetsInParallel = 1;
				LastSwiftUpdateCheck = 1600;
				LastUpgradeCheck = 1600;
				TargetAttributes = {
					B90789122C26CE41005DA7EA = {
						CreatedOnToolsVersion = 16.0;
					};
				};
			};
			buildConfigurationList = B907890E2C26CE41005DA7EA /* Build configuration list for PBXProject "Scroll Transitions Visual Effects" */;
			compatibilityVersion = "Xcode 15.0";
			developmentRegion = en;
			hasScannedForEncodings = 0;
			knownRegions = (
				en,
				Base,
			);
			mainGroup = B907890A2C26CE41005DA7EA;
			productRefGroup = B90789142C26CE41005DA7EA /* Products */;
			projectDirPath = "";
			projectRoot = "";
			targets = (
				B90789122C26CE41005DA7EA /* Scroll Transitions Visual Effects */,
			);
		};
/* End PBXProject section */

/* Begin PBXResourcesBuildPhase section */
		B90789112C26CE41005DA7EA /* Resources */ = {
			isa = PBXResourcesBuildPhase;
			buildActionMask = 2147483647;
			files = (
				B907891F2C26CE42005DA7EA /* Preview Assets.xcassets in Resources */,
				B907891B2C26CE42005DA7EA /* Assets.xcassets in Resources */,
			);
			runOnlyForDeploymentPostprocessing = 0;
		};
/* End PBXResourcesBuildPhase section */

/* Begin PBXSourcesBuildPhase section */
		B907890F2C26CE41005DA7EA /* Sources */ = {
			isa = PBXSourcesBuildPhase;
			buildActionMask = 2147483647;
			files = (
				B965070A2C26CFFC002D646E /* Image Constants.swift in Sources */,
				B90789192C26CE41005DA7EA /* ScrollTransitionExample1.swift in Sources */,
				B96507482C28C1FA002D646E /* ScrollTransitionExample3.swift in Sources */,
				B965072B2C2802EC002D646E /* ScrollTransitionExample2.swift in Sources */,
				B90789172C26CE41005DA7EA /* Scroll_Transitions_Visual_EffectsApp.swift in Sources */,
				B90789262C26CF28005DA7EA /* MyImageView.swift in Sources */,
			);
			runOnlyForDeploymentPostprocessing = 0;
		};
/* End PBXSourcesBuildPhase section */

/* Begin XCBuildConfiguration section */
		B90789202C26CE42005DA7EA /* Debug */ = {
			isa = XCBuildConfiguration;
			buildSettings = {
				ALWAYS_SEARCH_USER_PATHS = NO;
				ASSETCATALOG_COMPILER_GENERATE_SWIFT_ASSET_SYMBOL_EXTENSIONS = YES;
				CLANG_ANALYZER_NONNULL = YES;
				CLANG_ANALYZER_NUMBER_OBJECT_CONVERSION = YES_AGGRESSIVE;
				CLANG_CXX_LANGUAGE_STANDARD = "gnu++20";
				CLANG_ENABLE_MODULES = YES;
				CLANG_ENABLE_OBJC_ARC = YES;
				CLANG_ENABLE_OBJC_WEAK = YES;
				CLANG_WARN_BLOCK_CAPTURE_AUTORELEASING = YES;
				CLANG_WARN_BOOL_CONVERSION = YES;
				CLANG_WARN_COMMA = YES;
				CLANG_WARN_CONSTANT_CONVERSION = YES;
				CLANG_WARN_DEPRECATED_OBJC_IMPLEMENTATIONS = YES;
				CLANG_WARN_DIRECT_OBJC_ISA_USAGE = YES_ERROR;
				CLANG_WARN_DOCUMENTATION_COMMENTS = YES;
				CLANG_WARN_EMPTY_BODY = YES;
				CLANG_WARN_ENUM_CONVERSION = YES;
				CLANG_WARN_INFINITE_RECURSION = YES;
				CLANG_WARN_INT_CONVERSION = YES;
				CLANG_WARN_NON_LITERAL_NULL_CONVERSION = YES;
				CLANG_WARN_OBJC_IMPLICIT_RETAIN_SELF = YES;
				CLANG_WARN_OBJC_LITERAL_CONVERSION = YES;
				CLANG_WARN_OBJC_ROOT_CLASS = YES_ERROR;
				CLANG_WARN_QUOTED_INCLUDE_IN_FRAMEWORK_HEADER = YES;
				CLANG_WARN_RANGE_LOOP_ANALYSIS = YES;
				CLANG_WARN_STRICT_PROTOTYPES = YES;
				CLANG_WARN_SUSPICIOUS_MOVE = YES;
				CLANG_WARN_UNGUARDED_AVAILABILITY = YES_AGGRESSIVE;
				CLANG_WARN_UNREACHABLE_CODE = YES;
				CLANG_WARN__DUPLICATE_METHOD_MATCH = YES;
				COPY_PHASE_STRIP = NO;
				DEBUG_INFORMATION_FORMAT = dwarf;
				ENABLE_STRICT_OBJC_MSGSEND = YES;
				ENABLE_TESTABILITY = YES;
				ENABLE_USER_SCRIPT_SANDBOXING = YES;
				GCC_C_LANGUAGE_STANDARD = gnu17;
				GCC_DYNAMIC_NO_PIC = NO;
				GCC_NO_COMMON_BLOCKS = YES;
				GCC_OPTIMIZATION_LEVEL = 0;
				GCC_PREPROCESSOR_DEFINITIONS = (
					"DEBUG=1",
					"$(inherited)",
				);
				GCC_WARN_64_TO_32_BIT_CONVERSION = YES;
				GCC_WARN_ABOUT_RETURN_TYPE = YES_ERROR;
				GCC_WARN_UNDECLARED_SELECTOR = YES;
				GCC_WARN_UNINITIALIZED_AUTOS = YES_AGGRESSIVE;
				GCC_WARN_UNUSED_FUNCTION = YES;
				GCC_WARN_UNUSED_VARIABLE = YES;
				LOCALIZATION_PREFERS_STRING_CATALOGS = YES;
				MTL_ENABLE_DEBUG_INFO = INCLUDE_SOURCE;
				MTL_FAST_MATH = YES;
				ONLY_ACTIVE_ARCH = YES;
				SWIFT_ACTIVE_COMPILATION_CONDITIONS = "DEBUG $(inherited)";
				SWIFT_OPTIMIZATION_LEVEL = "-Onone";
			};
			name = Debug;
		};
		B90789212C26CE42005DA7EA /* Release */ = {
			isa = XCBuildConfiguration;
			buildSettings = {
				ALWAYS_SEARCH_USER_PATHS = NO;
				ASSETCATALOG_COMPILER_GENERATE_SWIFT_ASSET_SYMBOL_EXTENSIONS = YES;
				CLANG_ANALYZER_NONNULL = YES;
				CLANG_ANALYZER_NUMBER_OBJECT_CONVERSION = YES_AGGRESSIVE;
				CLANG_CXX_LANGUAGE_STANDARD = "gnu++20";
				CLANG_ENABLE_MODULES = YES;
				CLANG_ENABLE_OBJC_ARC = YES;
				CLANG_ENABLE_OBJC_WEAK = YES;
				CLANG_WARN_BLOCK_CAPTURE_AUTORELEASING = YES;
				CLANG_WARN_BOOL_CONVERSION = YES;
				CLANG_WARN_COMMA = YES;
				CLANG_WARN_CONSTANT_CONVERSION = YES;
				CLANG_WARN_DEPRECATED_OBJC_IMPLEMENTATIONS = YES;
				CLANG_WARN_DIRECT_OBJC_ISA_USAGE = YES_ERROR;
				CLANG_WARN_DOCUMENTATION_COMMENTS = YES;
				CLANG_WARN_EMPTY_BODY = YES;
				CLANG_WARN_ENUM_CONVERSION = YES;
				CLANG_WARN_INFINITE_RECURSION = YES;
				CLANG_WARN_INT_CONVERSION = YES;
				CLANG_WARN_NON_LITERAL_NULL_CONVERSION = YES;
				CLANG_WARN_OBJC_IMPLICIT_RETAIN_SELF = YES;
				CLANG_WARN_OBJC_LITERAL_CONVERSION = YES;
				CLANG_WARN_OBJC_ROOT_CLASS = YES_ERROR;
				CLANG_WARN_QUOTED_INCLUDE_IN_FRAMEWORK_HEADER = YES;
				CLANG_WARN_RANGE_LOOP_ANALYSIS = YES;
				CLANG_WARN_STRICT_PROTOTYPES = YES;
				CLANG_WARN_SUSPICIOUS_MOVE = YES;
				CLANG_WARN_UNGUARDED_AVAILABILITY = YES_AGGRESSIVE;
				CLANG_WARN_UNREACHABLE_CODE = YES;
				CLANG_WARN__DUPLICATE_METHOD_MATCH = YES;
				COPY_PHASE_STRIP = NO;
				DEBUG_INFORMATION_FORMAT = "dwarf-with-dsym";
				ENABLE_NS_ASSERTIONS = NO;
				ENABLE_STRICT_OBJC_MSGSEND = YES;
				ENABLE_USER_SCRIPT_SANDBOXING = YES;
				GCC_C_LANGUAGE_STANDARD = gnu17;
				GCC_NO_COMMON_BLOCKS = YES;
				GCC_WARN_64_TO_32_BIT_CONVERSION = YES;
				GCC_WARN_ABOUT_RETURN_TYPE = YES_ERROR;
				GCC_WARN_UNDECLARED_SELECTOR = YES;
				GCC_WARN_UNINITIALIZED_AUTOS = YES_AGGRESSIVE;
				GCC_WARN_UNUSED_FUNCTION = YES;
				GCC_WARN_UNUSED_VARIABLE = YES;
				LOCALIZATION_PREFERS_STRING_CATALOGS = YES;
				MTL_ENABLE_DEBUG_INFO = NO;
				MTL_FAST_MATH = YES;
				SWIFT_COMPILATION_MODE = wholemodule;
			};
			name = Release;
		};
		B90789232C26CE42005DA7EA /* Debug */ = {
			isa = XCBuildConfiguration;
			buildSettings = {
				ASSETCATALOG_COMPILER_APPICON_NAME = AppIcon;
				ASSETCATALOG_COMPILER_GLOBAL_ACCENT_COLOR_NAME = AccentColor;
				CODE_SIGN_ENTITLEMENTS = "Scroll Transitions Visual Effects/Scroll_Transitions_Visual_Effects.entitlements";
				CODE_SIGN_STYLE = Automatic;
				CURRENT_PROJECT_VERSION = 1;
				DEVELOPMENT_ASSET_PATHS = "\"Scroll Transitions Visual Effects/Preview Content\"";
				DEVELOPMENT_TEAM = DHVXX6V9MZ;
				ENABLE_HARDENED_RUNTIME = YES;
				ENABLE_PREVIEWS = YES;
				GENERATE_INFOPLIST_FILE = YES;
				"INFOPLIST_KEY_UIApplicationSceneManifest_Generation[sdk=iphoneos*]" = YES;
				"INFOPLIST_KEY_UIApplicationSceneManifest_Generation[sdk=iphonesimulator*]" = YES;
				"INFOPLIST_KEY_UIApplicationSupportsIndirectInputEvents[sdk=iphoneos*]" = YES;
				"INFOPLIST_KEY_UIApplicationSupportsIndirectInputEvents[sdk=iphonesimulator*]" = YES;
				"INFOPLIST_KEY_UILaunchScreen_Generation[sdk=iphoneos*]" = YES;
				"INFOPLIST_KEY_UILaunchScreen_Generation[sdk=iphonesimulator*]" = YES;
				"INFOPLIST_KEY_UIStatusBarStyle[sdk=iphoneos*]" = UIStatusBarStyleDefault;
				"INFOPLIST_KEY_UIStatusBarStyle[sdk=iphonesimulator*]" = UIStatusBarStyleDefault;
				INFOPLIST_KEY_UISupportedInterfaceOrientations_iPad = "UIInterfaceOrientationPortrait UIInterfaceOrientationPortraitUpsideDown UIInterfaceOrientationLandscapeLeft UIInterfaceOrientationLandscapeRight";
				INFOPLIST_KEY_UISupportedInterfaceOrientations_iPhone = "UIInterfaceOrientationPortrait UIInterfaceOrientationLandscapeLeft UIInterfaceOrientationLandscapeRight";
				IPHONEOS_DEPLOYMENT_TARGET = 18.0;
				LD_RUNPATH_SEARCH_PATHS = "@executable_path/Frameworks";
				"LD_RUNPATH_SEARCH_PATHS[sdk=macosx*]" = "@executable_path/../Frameworks";
				MACOSX_DEPLOYMENT_TARGET = 15.0;
				MARKETING_VERSION = 1.0;
				PRODUCT_BUNDLE_IDENTIFIER = "com.ronerez.Scroll-Transitions-Visual-Effects";
				PRODUCT_NAME = "$(TARGET_NAME)";
				SDKROOT = auto;
				SUPPORTED_PLATFORMS = "iphoneos iphonesimulator macosx xros xrsimulator";
				SWIFT_EMIT_LOC_STRINGS = YES;
				SWIFT_VERSION = 5.0;
				TARGETED_DEVICE_FAMILY = "1,2,7";
				XROS_DEPLOYMENT_TARGET = 2.0;
			};
			name = Debug;
		};
		B90789242C26CE42005DA7EA /* Release */ = {
			isa = XCBuildConfiguration;
			buildSettings = {
				ASSETCATALOG_COMPILER_APPICON_NAME = AppIcon;
				ASSETCATALOG_COMPILER_GLOBAL_ACCENT_COLOR_NAME = AccentColor;
				CODE_SIGN_ENTITLEMENTS = "Scroll Transitions Visual Effects/Scroll_Transitions_Visual_Effects.entitlements";
				CODE_SIGN_STYLE = Automatic;
				CURRENT_PROJECT_VERSION = 1;
				DEVELOPMENT_ASSET_PATHS = "\"Scroll Transitions Visual Effects/Preview Content\"";
				DEVELOPMENT_TEAM = DHVXX6V9MZ;
				ENABLE_HARDENED_RUNTIME = YES;
				ENABLE_PREVIEWS = YES;
				GENERATE_INFOPLIST_FILE = YES;
				"INFOPLIST_KEY_UIApplicationSceneManifest_Generation[sdk=iphoneos*]" = YES;
				"INFOPLIST_KEY_UIApplicationSceneManifest_Generation[sdk=iphonesimulator*]" = YES;
				"INFOPLIST_KEY_UIApplicationSupportsIndirectInputEvents[sdk=iphoneos*]" = YES;
				"INFOPLIST_KEY_UIApplicationSupportsIndirectInputEvents[sdk=iphonesimulator*]" = YES;
				"INFOPLIST_KEY_UILaunchScreen_Generation[sdk=iphoneos*]" = YES;
				"INFOPLIST_KEY_UILaunchScreen_Generation[sdk=iphonesimulator*]" = YES;
				"INFOPLIST_KEY_UIStatusBarStyle[sdk=iphoneos*]" = UIStatusBarStyleDefault;
				"INFOPLIST_KEY_UIStatusBarStyle[sdk=iphonesimulator*]" = UIStatusBarStyleDefault;
				INFOPLIST_KEY_UISupportedInterfaceOrientations_iPad = "UIInterfaceOrientationPortrait UIInterfaceOrientationPortraitUpsideDown UIInterfaceOrientationLandscapeLeft UIInterfaceOrientationLandscapeRight";
				INFOPLIST_KEY_UISupportedInterfaceOrientations_iPhone = "UIInterfaceOrientationPortrait UIInterfaceOrientationLandscapeLeft UIInterfaceOrientationLandscapeRight";
				IPHONEOS_DEPLOYMENT_TARGET = 18.0;
				LD_RUNPATH_SEARCH_PATHS = "@executable_path/Frameworks";
				"LD_RUNPATH_SEARCH_PATHS[sdk=macosx*]" = "@executable_path/../Frameworks";
				MACOSX_DEPLOYMENT_TARGET = 15.0;
				MARKETING_VERSION = 1.0;
				PRODUCT_BUNDLE_IDENTIFIER = "com.ronerez.Scroll-Transitions-Visual-Effects";
				PRODUCT_NAME = "$(TARGET_NAME)";
				SDKROOT = auto;
				SUPPORTED_PLATFORMS = "iphoneos iphonesimulator macosx xros xrsimulator";
				SWIFT_EMIT_LOC_STRINGS = YES;
				SWIFT_VERSION = 5.0;
				TARGETED_DEVICE_FAMILY = "1,2,7";
				XROS_DEPLOYMENT_TARGET = 2.0;
			};
			name = Release;
		};
/* End XCBuildConfiguration section */

/* Begin XCConfigurationList section */
		B907890E2C26CE41005DA7EA /* Build configuration list for PBXProject "Scroll Transitions Visual Effects" */ = {
			isa = XCConfigurationList;
			buildConfigurations = (
				B90789202C26CE42005DA7EA /* Debug */,
				B90789212C26CE42005DA7EA /* Release */,
			);
			defaultConfigurationIsVisible = 0;
			defaultConfigurationName = Release;
		};
		B90789222C26CE42005DA7EA /* Build configuration list for PBXNativeTarget "Scroll Transitions Visual Effects" */ = {
			isa = XCConfigurationList;
			buildConfigurations = (
				B90789232C26CE42005DA7EA /* Debug */,
				B90789242C26CE42005DA7EA /* Release */,
			);
			defaultConfigurationIsVisible = 0;
			defaultConfigurationName = Release;
		};
/* End XCConfigurationList section */
	};
	rootObject = B907890B2C26CE41005DA7EA /* Project object */;
}
